
Microsoft Visual Studio Solution File, Format Version 12.00
# Visual Studio Version 17
VisualStudioVersion = 17.5.33627.172
MinimumVisualStudioVersion = 10.0.40219.1
Project("{FAE04EC0-301F-11D3-BF4B-00C04F79EFBC}") = "GetBSOD", "GetBSOD.csproj", "{0A40498E-AFBF-474C-980D-C2CFE5997911}"
EndProject
Global
	GlobalSection(SolutionConfigurationPlatforms) = preSolution
		Debug|Any CPU = Debug|Any CPU
		Debug|x64 = Debug|x64
		Release|Any CPU = Release|Any CPU
		Release|x64 = Release|x64
	EndGlobalSection
	GlobalSection(ProjectConfigurationPlatforms) = postSolution
		{0A40498E-AFBF-474C-980D-C2CFE5997911}.Debug|Any CPU.ActiveCfg = Debug|Any CPU
		{0A40498E-AFBF-474C-980D-C2CFE5997911}.Debug|Any CPU.Build.0 = Debug|Any CPU
		{0A40498E-AFBF-474C-980D-C2CFE5997911}.Debug|x64.ActiveCfg = Debug|x64
		{0A40498E-AFBF-474C-980D-C2CFE5997911}.Debug|x64.Build.0 = Debug|x64
		{0A40498E-AFBF-474C-980D-C2CFE5997911}.Release|Any CPU.ActiveCfg = Release|Any CPU
		{0A40498E-AFBF-474C-980D-C2CFE5997911}.Release|Any CPU.Build.0 = Release|Any CPU
		{0A40498E-AFBF-474C-980D-C2CFE5997911}.Release|x64.ActiveCfg = Release|x64
		{0A40498E-AFBF-474C-980D-C2CFE5997911}.Release|x64.Build.0 = Release|x64
	EndGlobalSection
	GlobalSection(SolutionProperties) = preSolution
		HideSolutionNode = FALSE
	EndGlobalSection
	GlobalSection(ExtensibilityGlobals) = postSolution
		SolutionGuid = {9C6ED81F-B19D-4418-AE68-981E35E49AB5}
	EndGlobalSection
EndGlobal
